
Microsoft Visual Studio Solution File, Format Version 12.00
# Visual Studio Version 17
VisualStudioVersion = 17.8.34330.188
MinimumVisualStudioVersion = 10.0.40219.1
Project("{FAE04EC0-301F-11D3-BF4B-00C04F79EFBC}") = "CqrsMediatRFluentValidation", "CqrsMediatRFluentValidation\CqrsMediatRFluentValidation.csproj", "{9236DDB4-0909-42D4-9229-77A3EBDFE1FD}"
EndProject
Global
	GlobalSection(SolutionConfigurationPlatforms) = preSolution
		Debug|Any CPU = Debug|Any CPU
		Release|Any CPU = Release|Any CPU
	EndGlobalSection
	GlobalSection(ProjectConfigurationPlatforms) = postSolution
		{9236DDB4-0909-42D4-9229-77A3EBDFE1FD}.Debug|Any CPU.ActiveCfg = Debug|Any CPU
		{9236DDB4-0909-42D4-9229-77A3EBDFE1FD}.Debug|Any CPU.Build.0 = Debug|Any CPU
		{9236DDB4-0909-42D4-9229-77A3EBDFE1FD}.Release|Any CPU.ActiveCfg = Release|Any CPU
		{9236DDB4-0909-42D4-9229-77A3EBDFE1FD}.Release|Any CPU.Build.0 = Release|Any CPU
	EndGlobalSection
	GlobalSection(SolutionProperties) = preSolution
		HideSolutionNode = FALSE
	EndGlobalSection
	GlobalSection(ExtensibilityGlobals) = postSolution
		SolutionGuid = {0E5737EA-F4BA-41D0-9E32-EE4A7FEFC545}
	EndGlobalSection
EndGlobal
